{
  "name": "create-a-simple-functional-language",
  "version": "1.0.0",
  "lockfileVersion": 1,
  "requires": true,
  "dependencies": {
    "pcomb": {
      "version": "2.7.0",
      "resolved": "https://registry.npmjs.org/pcomb/-/pcomb-2.7.0.tgz",
      "integrity": "sha512-2MthEIdvUCpKKmIyK1CTutssrdWOnrwxY6AUdrIPxY9GEJQb4wWrlTLg6n6v+ft4faOx717UtiglVhO/p5Vk2g=="
    },
    "typescript": {
      "version": "3.8.3",
      "resolved": "https://registry.npmjs.org/typescript/-/typescript-3.8.3.tgz",
      "integrity": "sha512-MYlEfn5VrLNsgudQTVJeNaQFUAI7DkhnOjdpAp4T+ku1TfQClewlbSuTVHiA+8skNBgaf02TL/kLOvig4y3G8w==",
      "dev": true
    }
  }
}
